
Microsoft Visual Studio Solution File, Format Version 12.00
# Visual Studio 2012
Project("{FAE04EC0-301F-11D3-BF4B-00C04F79EFBC}") = "Xamarin.Forms.MVVM.NET", "Xamarin.Forms.MVVM.NET\Xamarin.Forms.MVVM.NET.csproj", "{CEBE443B-8C88-44D5-8F06-BE8435269190}"
EndProject
Project("{FAE04EC0-301F-11D3-BF4B-00C04F79EFBC}") = "Xamarin.Forms.MVVM.NET.iOS", "iOS\Xamarin.Forms.MVVM.NET.iOS.csproj", "{06A70C23-9644-40D3-ACAA-12F08FF82B46}"
EndProject
Project("{FAE04EC0-301F-11D3-BF4B-00C04F79EFBC}") = "Xamarin.Forms.MVVM.NET.Droid", "Droid\Xamarin.Forms.MVVM.NET.Droid.csproj", "{A36BB37A-54F8-4940-840F-E482FE9AFF21}"
EndProject
Global
	GlobalSection(SolutionConfigurationPlatforms) = preSolution
		Debug|Any CPU = Debug|Any CPU
		Release|Any CPU = Release|Any CPU
		Debug|iPhoneSimulator = Debug|iPhoneSimulator
		Release|iPhone = Release|iPhone
		Release|iPhoneSimulator = Release|iPhoneSimulator
		Debug|iPhone = Debug|iPhone
	EndGlobalSection
	GlobalSection(ProjectConfigurationPlatforms) = postSolution
		{CEBE443B-8C88-44D5-8F06-BE8435269190}.Debug|Any CPU.ActiveCfg = Debug|Any CPU
		{CEBE443B-8C88-44D5-8F06-BE8435269190}.Debug|Any CPU.Build.0 = Debug|Any CPU
		{CEBE443B-8C88-44D5-8F06-BE8435269190}.Release|Any CPU.ActiveCfg = Release|Any CPU
		{CEBE443B-8C88-44D5-8F06-BE8435269190}.Release|Any CPU.Build.0 = Release|Any CPU
		{CEBE443B-8C88-44D5-8F06-BE8435269190}.Debug|iPhoneSimulator.ActiveCfg = Debug|Any CPU
		{CEBE443B-8C88-44D5-8F06-BE8435269190}.Debug|iPhoneSimulator.Build.0 = Debug|Any CPU
		{CEBE443B-8C88-44D5-8F06-BE8435269190}.Release|iPhone.ActiveCfg = Release|Any CPU
		{CEBE443B-8C88-44D5-8F06-BE8435269190}.Release|iPhone.Build.0 = Release|Any CPU
		{CEBE443B-8C88-44D5-8F06-BE8435269190}.Release|iPhoneSimulator.ActiveCfg = Release|Any CPU
		{CEBE443B-8C88-44D5-8F06-BE8435269190}.Release|iPhoneSimulator.Build.0 = Release|Any CPU
		{CEBE443B-8C88-44D5-8F06-BE8435269190}.Debug|iPhone.ActiveCfg = Debug|Any CPU
		{CEBE443B-8C88-44D5-8F06-BE8435269190}.Debug|iPhone.Build.0 = Debug|Any CPU
		{06A70C23-9644-40D3-ACAA-12F08FF82B46}.Debug|Any CPU.ActiveCfg = Debug|iPhoneSimulator
		{06A70C23-9644-40D3-ACAA-12F08FF82B46}.Debug|Any CPU.Build.0 = Debug|iPhoneSimulator
		{06A70C23-9644-40D3-ACAA-12F08FF82B46}.Release|Any CPU.ActiveCfg = Release|iPhone
		{06A70C23-9644-40D3-ACAA-12F08FF82B46}.Release|Any CPU.Build.0 = Release|iPhone
		{06A70C23-9644-40D3-ACAA-12F08FF82B46}.Debug|iPhoneSimulator.ActiveCfg = Debug|iPhoneSimulator
		{06A70C23-9644-40D3-ACAA-12F08FF82B46}.Debug|iPhoneSimulator.Build.0 = Debug|iPhoneSimulator
		{06A70C23-9644-40D3-ACAA-12F08FF82B46}.Release|iPhone.ActiveCfg = Release|iPhone
		{06A70C23-9644-40D3-ACAA-12F08FF82B46}.Release|iPhone.Build.0 = Release|iPhone
		{06A70C23-9644-40D3-ACAA-12F08FF82B46}.Release|iPhoneSimulator.ActiveCfg = Release|iPhoneSimulator
		{06A70C23-9644-40D3-ACAA-12F08FF82B46}.Release|iPhoneSimulator.Build.0 = Release|iPhoneSimulator
		{06A70C23-9644-40D3-ACAA-12F08FF82B46}.Debug|iPhone.ActiveCfg = Debug|iPhone
		{06A70C23-9644-40D3-ACAA-12F08FF82B46}.Debug|iPhone.Build.0 = Debug|iPhone
		{A36BB37A-54F8-4940-840F-E482FE9AFF21}.Debug|Any CPU.ActiveCfg = Debug|Any CPU
		{A36BB37A-54F8-4940-840F-E482FE9AFF21}.Debug|Any CPU.Build.0 = Debug|Any CPU
		{A36BB37A-54F8-4940-840F-E482FE9AFF21}.Release|Any CPU.ActiveCfg = Release|Any CPU
		{A36BB37A-54F8-4940-840F-E482FE9AFF21}.Release|Any CPU.Build.0 = Release|Any CPU
		{A36BB37A-54F8-4940-840F-E482FE9AFF21}.Debug|iPhoneSimulator.ActiveCfg = Debug|Any CPU
		{A36BB37A-54F8-4940-840F-E482FE9AFF21}.Debug|iPhoneSimulator.Build.0 = Debug|Any CPU
		{A36BB37A-54F8-4940-840F-E482FE9AFF21}.Release|iPhone.ActiveCfg = Release|Any CPU
		{A36BB37A-54F8-4940-840F-E482FE9AFF21}.Release|iPhone.Build.0 = Release|Any CPU
		{A36BB37A-54F8-4940-840F-E482FE9AFF21}.Release|iPhoneSimulator.ActiveCfg = Release|Any CPU
		{A36BB37A-54F8-4940-840F-E482FE9AFF21}.Release|iPhoneSimulator.Build.0 = Release|Any CPU
		{A36BB37A-54F8-4940-840F-E482FE9AFF21}.Debug|iPhone.ActiveCfg = Debug|Any CPU
		{A36BB37A-54F8-4940-840F-E482FE9AFF21}.Debug|iPhone.Build.0 = Debug|Any CPU
	EndGlobalSection
EndGlobal
